
Microsoft Visual Studio Solution File, Format Version 12.00
# Visual Studio Version 17
VisualStudioVersion = 17.14.36221.1 d17.14
MinimumVisualStudioVersion = 10.0.40219.1
Project("{8BC9CEB8-8B4A-11D0-8D11-00A0C91BC942}") = "ModuleTwoBufferOverflow", "ModuleTwoBufferOverflow\ModuleTwoBufferOverflow.vcxproj", "{E695B2DE-16B3-40ED-B423-22D2E2810F7C}"
EndProject
Global
	GlobalSection(SolutionConfigurationPlatforms) = preSolution
		Debug|x64 = Debug|x64
		Debug|x86 = Debug|x86
		Release|x64 = Release|x64
		Release|x86 = Release|x86
	EndGlobalSection
	GlobalSection(ProjectConfigurationPlatforms) = postSolution
		{E695B2DE-16B3-40ED-B423-22D2E2810F7C}.Debug|x64.ActiveCfg = Debug|x64
		{E695B2DE-16B3-40ED-B423-22D2E2810F7C}.Debug|x64.Build.0 = Debug|x64
		{E695B2DE-16B3-40ED-B423-22D2E2810F7C}.Debug|x86.ActiveCfg = Debug|Win32
		{E695B2DE-16B3-40ED-B423-22D2E2810F7C}.Debug|x86.Build.0 = Debug|Win32
		{E695B2DE-16B3-40ED-B423-22D2E2810F7C}.Release|x64.ActiveCfg = Release|x64
		{E695B2DE-16B3-40ED-B423-22D2E2810F7C}.Release|x64.Build.0 = Release|x64
		{E695B2DE-16B3-40ED-B423-22D2E2810F7C}.Release|x86.ActiveCfg = Release|Win32
		{E695B2DE-16B3-40ED-B423-22D2E2810F7C}.Release|x86.Build.0 = Release|Win32
	EndGlobalSection
	GlobalSection(SolutionProperties) = preSolution
		HideSolutionNode = FALSE
	EndGlobalSection
	GlobalSection(ExtensibilityGlobals) = postSolution
		SolutionGuid = {430B6711-4CCA-434A-8181-523825727A20}
	EndGlobalSection
EndGlobal
